
Microsoft Visual Studio Solution File, Format Version 12.00
# Visual Studio Version 16
VisualStudioVersion = 16.0.29025.244
MinimumVisualStudioVersion = 10.0.40219.1
Project("{FAE04EC0-301F-11D3-BF4B-00C04F79EFBC}") = "RandomPlaylistGenerator", "RandomPlaylistGenerator\RandomPlaylistGenerator.csproj", "{34B3816B-238B-44E7-BCED-8968B1194B5A}"
EndProject
Global
	GlobalSection(SolutionConfigurationPlatforms) = preSolution
		Debug|Any CPU = Debug|Any CPU
		Release|Any CPU = Release|Any CPU
	EndGlobalSection
	GlobalSection(ProjectConfigurationPlatforms) = postSolution
		{34B3816B-238B-44E7-BCED-8968B1194B5A}.Debug|Any CPU.ActiveCfg = Debug|Any CPU
		{34B3816B-238B-44E7-BCED-8968B1194B5A}.Debug|Any CPU.Build.0 = Debug|Any CPU
		{34B3816B-238B-44E7-BCED-8968B1194B5A}.Release|Any CPU.ActiveCfg = Release|Any CPU
		{34B3816B-238B-44E7-BCED-8968B1194B5A}.Release|Any CPU.Build.0 = Release|Any CPU
	EndGlobalSection
	GlobalSection(SolutionProperties) = preSolution
		HideSolutionNode = FALSE
	EndGlobalSection
	GlobalSection(ExtensibilityGlobals) = postSolution
		SolutionGuid = {F7729349-AF49-4304-BA66-F8658C52ABDA}
	EndGlobalSection
EndGlobal
